
Microsoft Visual Studio Solution File, Format Version 12.00
# Visual Studio 15
VisualStudioVersion = 15.0.26403.3
MinimumVisualStudioVersion = 10.0.40219.1
Project("{FAE04EC0-301F-11D3-BF4B-00C04F79EFBC}") = "ConsoleApp1executable", "ConsoleApp1executable\ConsoleApp1executable.csproj", "{2B3F25FB-0F8C-43D7-A209-64E4C7C07516}"
EndProject
Project("{FAE04EC0-301F-11D3-BF4B-00C04F79EFBC}") = "Testingattributess", "Testingattributess\Testingattributess.csproj", "{797274BC-7D84-48F7-82CC-FDE213949AC1}"
EndProject
Global
	GlobalSection(SolutionConfigurationPlatforms) = preSolution
		Debug|Any CPU = Debug|Any CPU
		Release|Any CPU = Release|Any CPU
	EndGlobalSection
	GlobalSection(ProjectConfigurationPlatforms) = postSolution
		{2B3F25FB-0F8C-43D7-A209-64E4C7C07516}.Debug|Any CPU.ActiveCfg = Debug|Any CPU
		{2B3F25FB-0F8C-43D7-A209-64E4C7C07516}.Debug|Any CPU.Build.0 = Debug|Any CPU
		{2B3F25FB-0F8C-43D7-A209-64E4C7C07516}.Release|Any CPU.ActiveCfg = Release|Any CPU
		{2B3F25FB-0F8C-43D7-A209-64E4C7C07516}.Release|Any CPU.Build.0 = Release|Any CPU
		{797274BC-7D84-48F7-82CC-FDE213949AC1}.Debug|Any CPU.ActiveCfg = Debug|Any CPU
		{797274BC-7D84-48F7-82CC-FDE213949AC1}.Debug|Any CPU.Build.0 = Debug|Any CPU
		{797274BC-7D84-48F7-82CC-FDE213949AC1}.Release|Any CPU.ActiveCfg = Release|Any CPU
		{797274BC-7D84-48F7-82CC-FDE213949AC1}.Release|Any CPU.Build.0 = Release|Any CPU
	EndGlobalSection
	GlobalSection(SolutionProperties) = preSolution
		HideSolutionNode = FALSE
	EndGlobalSection
EndGlobal
